
Microsoft Visual Studio Solution File, Format Version 12.00
# Visual Studio 15
VisualStudioVersion = 15.0.26730.16
MinimumVisualStudioVersion = 10.0.40219.1
Project("{FAE04EC0-301F-11D3-BF4B-00C04F79EFBC}") = "Worldgen", "Worldgen\Worldgen.csproj", "{AB256319-7FC7-48B3-AE3D-D7517EB246A8}"
EndProject
Global
	GlobalSection(SolutionConfigurationPlatforms) = preSolution
		Debug|Any CPU = Debug|Any CPU
		Release|Any CPU = Release|Any CPU
	EndGlobalSection
	GlobalSection(ProjectConfigurationPlatforms) = postSolution
		{AB256319-7FC7-48B3-AE3D-D7517EB246A8}.Debug|Any CPU.ActiveCfg = Debug|Any CPU
		{AB256319-7FC7-48B3-AE3D-D7517EB246A8}.Debug|Any CPU.Build.0 = Debug|Any CPU
		{AB256319-7FC7-48B3-AE3D-D7517EB246A8}.Release|Any CPU.ActiveCfg = Release|Any CPU
		{AB256319-7FC7-48B3-AE3D-D7517EB246A8}.Release|Any CPU.Build.0 = Release|Any CPU
	EndGlobalSection
	GlobalSection(SolutionProperties) = preSolution
		HideSolutionNode = FALSE
	EndGlobalSection
	GlobalSection(ExtensibilityGlobals) = postSolution
		SolutionGuid = {C8B555B3-690C-4F22-A667-F4C53CD7F715}
	EndGlobalSection
EndGlobal
